
Microsoft Visual Studio Solution File, Format Version 12.00
# Visual Studio Version 17
VisualStudioVersion = 17.14.36811.4 d17.14
MinimumVisualStudioVersion = 10.0.40219.1
Project("{FAE04EC0-301F-11D3-BF4B-00C04F79EFBC}") = "часть проги для калькулятора систем счисления (вичитание часть 2)", "часть проги для калькулятора систем счисления (вичитание часть 2).csproj", "{654164CF-B394-43D0-A766-F604AE6EDB71}"
EndProject
Global
	GlobalSection(SolutionConfigurationPlatforms) = preSolution
		Debug|Any CPU = Debug|Any CPU
		Release|Any CPU = Release|Any CPU
	EndGlobalSection
	GlobalSection(ProjectConfigurationPlatforms) = postSolution
		{654164CF-B394-43D0-A766-F604AE6EDB71}.Debug|Any CPU.ActiveCfg = Debug|Any CPU
		{654164CF-B394-43D0-A766-F604AE6EDB71}.Debug|Any CPU.Build.0 = Debug|Any CPU
		{654164CF-B394-43D0-A766-F604AE6EDB71}.Release|Any CPU.ActiveCfg = Release|Any CPU
		{654164CF-B394-43D0-A766-F604AE6EDB71}.Release|Any CPU.Build.0 = Release|Any CPU
	EndGlobalSection
	GlobalSection(SolutionProperties) = preSolution
		HideSolutionNode = FALSE
	EndGlobalSection
	GlobalSection(ExtensibilityGlobals) = postSolution
		SolutionGuid = {80072C13-1C52-4F1C-AF19-4AACCDD6FAB7}
	EndGlobalSection
EndGlobal
